// !$*UTF8*$!
{
	archiveVersion = 1;
	classes = {
	};
	objectVersion = 50;
	objects = {

/* Begin PBXBuildFile section */
		08982F6E2383958B00E3106B /* WebViewController.swift in Sources */ = {isa = PBXBuildFile; fileRef = 08982F6D2383958B00E3106B /* WebViewController.swift */; };
		08A509E52384E907006700B0 /* Main.storyboard in Resources */ = {isa = PBXBuildFile; fileRef = 08A509E42384E907006700B0 /* Main.storyboard */; };
		08C64BEF238272A8001A4D27 /* AppDelegate.swift in Sources */ = {isa = PBXBuildFile; fileRef = 08C64BEE238272A8001A4D27 /* AppDelegate.swift */; };
		08C64BF1238272A8001A4D27 /* SceneDelegate.swift in Sources */ = {isa = PBXBuildFile; fileRef = 08C64BF0238272A8001A4D27 /* SceneDelegate.swift */; };
		08C64BF3238272A8001A4D27 /* ViewController.swift in Sources */ = {isa = PBXBuildFile; fileRef = 08C64BF2238272A8001A4D27 /* ViewController.swift */; };
		08C64BF8238272AB001A4D27 /* Assets.xcassets in Resources */ = {isa = PBXBuildFile; fileRef = 08C64BF7238272AB001A4D27 /* Assets.xcassets */; };
		08C64BFB238272AB001A4D27 /* LaunchScreen.storyboard in Resources */ = {isa = PBXBuildFile; fileRef = 08C64BF9238272AB001A4D27 /* LaunchScreen.storyboard */; };
		08C64C0723827979001A4D27 /* About.storyboard in Resources */ = {isa = PBXBuildFile; fileRef = 08C64C0623827979001A4D27 /* About.storyboard */; };
		08C64C0A23827BC0001A4D27 /* AboutTableViewController.swift in Sources */ = {isa = PBXBuildFile; fileRef = 08C64C0923827BC0001A4D27 /* AboutTableViewController.swift */; };
		08E36A6A23850943005FEB46 /* FanxianyiViewController.swift in Sources */ = {isa = PBXBuildFile; fileRef = 08E36A6923850943005FEB46 /* FanxianyiViewController.swift */; };
/* End PBXBuildFile section */

/* Begin PBXCopyFilesBuildPhase section */
		0861B2DE2383E83200C6E516 /* Embed Frameworks */ = {
			isa = PBXCopyFilesBuildPhase;
			buildActionMask = 2147483647;
			dstPath = "";
			dstSubfolderSpec = 10;
			files = (
			);
			name = "Embed Frameworks";
			runOnlyForDeploymentPostprocessing = 0;
		};
/* End PBXCopyFilesBuildPhase section */

/* Begin PBXFileReference section */
		08982F6D2383958B00E3106B /* WebViewController.swift */ = {isa = PBXFileReference; lastKnownFileType = sourcecode.swift; path = WebViewController.swift; sourceTree = "<group>"; };
		08A509E42384E907006700B0 /* Main.storyboard */ = {isa = PBXFileReference; fileEncoding = 4; lastKnownFileType = file.storyboard; name = Main.storyboard; path = ../../../../.Trash/Main.storyboard; sourceTree = "<group>"; };
		08C64BEB238272A8001A4D27 /* WebViewTest.app */ = {isa = PBXFileReference; explicitFileType = wrapper.application; includeInIndex = 0; path = WebViewTest.app; sourceTree = BUILT_PRODUCTS_DIR; };
		08C64BEE238272A8001A4D27 /* AppDelegate.swift */ = {isa = PBXFileReference; lastKnownFileType = sourcecode.swift; path = AppDelegate.swift; sourceTree = "<group>"; };
		08C64BF0238272A8001A4D27 /* SceneDelegate.swift */ = {isa = PBXFileReference; lastKnownFileType = sourcecode.swift; path = SceneDelegate.swift; sourceTree = "<group>"; };
		08C64BF2238272A8001A4D27 /* ViewController.swift */ = {isa = PBXFileReference; lastKnownFileType = sourcecode.swift; path = ViewController.swift; sourceTree = "<group>"; };
		08C64BF7238272AB001A4D27 /* Assets.xcassets */ = {isa = PBXFileReference; lastKnownFileType = folder.assetcatalog; path = Assets.xcassets; sourceTree = "<group>"; };
		08C64BFA238272AB001A4D27 /* Base */ = {isa = PBXFileReference; lastKnownFileType = file.storyboard; name = Base; path = Base.lproj/LaunchScreen.storyboard; sourceTree = "<group>"; };
		08C64BFC238272AB001A4D27 /* Info.plist */ = {isa = PBXFileReference; lastKnownFileType = text.plist.xml; path = Info.plist; sourceTree = "<group>"; };
		08C64C0623827979001A4D27 /* About.storyboard */ = {isa = PBXFileReference; lastKnownFileType = file.storyboard; path = About.storyboard; sourceTree = "<group>"; };
		08C64C0923827BC0001A4D27 /* AboutTableViewController.swift */ = {isa = PBXFileReference; lastKnownFileType = sourcecode.swift; path = AboutTableViewController.swift; sourceTree = "<group>"; };
		08E36A6923850943005FEB46 /* FanxianyiViewController.swift */ = {isa = PBXFileReference; lastKnownFileType = sourcecode.swift; path = FanxianyiViewController.swift; sourceTree = "<group>"; };
/* End PBXFileReference section */

/* Begin PBXFrameworksBuildPhase section */
		08C64BE8238272A8001A4D27 /* Frameworks */ = {
			isa = PBXFrameworksBuildPhase;
			buildActionMask = 2147483647;
			files = (
			);
			runOnlyForDeploymentPostprocessing = 0;
		};
/* End PBXFrameworksBuildPhase section */

/* Begin PBXGroup section */
		08982F6F2383A46400E3106B /* Frameworks */ = {
			isa = PBXGroup;
			children = (
			);
			name = Frameworks;
			sourceTree = "<group>";
		};
		08C64BE2238272A8001A4D27 = {
			isa = PBXGroup;
			children = (
				08C64BED238272A8001A4D27 /* WebViewTest */,
				08C64BEC238272A8001A4D27 /* Products */,
				08982F6F2383A46400E3106B /* Frameworks */,
			);
			sourceTree = "<group>";
		};
		08C64BEC238272A8001A4D27 /* Products */ = {
			isa = PBXGroup;
			children = (
				08C64BEB238272A8001A4D27 /* WebViewTest.app */,
			);
			name = Products;
			sourceTree = "<group>";
		};
		08C64BED238272A8001A4D27 /* WebViewTest */ = {
			isa = PBXGroup;
			children = (
				08C64C0823827B9F001A4D27 /* Controller */,
				08C64C052382795F001A4D27 /* Storyboard */,
				08C64BEE238272A8001A4D27 /* AppDelegate.swift */,
				08C64BF0238272A8001A4D27 /* SceneDelegate.swift */,
				08C64BF2238272A8001A4D27 /* ViewController.swift */,
				08C64BF7238272AB001A4D27 /* Assets.xcassets */,
				08C64BFC238272AB001A4D27 /* Info.plist */,
			);
			path = WebViewTest;
			sourceTree = "<group>";
		};
		08C64C052382795F001A4D27 /* Storyboard */ = {
			isa = PBXGroup;
			children = (
				08A509E42384E907006700B0 /* Main.storyboard */,
				08C64C0623827979001A4D27 /* About.storyboard */,
				08C64BF9238272AB001A4D27 /* LaunchScreen.storyboard */,
			);
			path = Storyboard;
			sourceTree = "<group>";
		};
		08C64C0823827B9F001A4D27 /* Controller */ = {
			isa = PBXGroup;
			children = (
				08C64C0923827BC0001A4D27 /* AboutTableViewController.swift */,
				08982F6D2383958B00E3106B /* WebViewController.swift */,
				08E36A6923850943005FEB46 /* FanxianyiViewController.swift */,
			);
			path = Controller;
			sourceTree = "<group>";
		};
/* End PBXGroup section */

/* Begin PBXNativeTarget section */
		08C64BEA238272A8001A4D27 /* WebViewTest */ = {
			isa = PBXNativeTarget;
			buildConfigurationList = 08C64BFF238272AB001A4D27 /* Build configuration list for PBXNativeTarget "WebViewTest" */;
			buildPhases = (
				08C64BE7238272A8001A4D27 /* Sources */,
				08C64BE8238272A8001A4D27 /* Frameworks */,
				08C64BE9238272A8001A4D27 /* Resources */,
				0861B2DE2383E83200C6E516 /* Embed Frameworks */,
			);
			buildRules = (
			);
			dependencies = (
			);
			name = WebViewTest;
			productName = WebViewTest;
			productReference = 08C64BEB238272A8001A4D27 /* WebViewTest.app */;
			productType = "com.apple.product-type.application";
		};
/* End PBXNativeTarget section */

/* Begin PBXProject section */
		08C64BE3238272A8001A4D27 /* Project object */ = {
			isa = PBXProject;
			attributes = {
				LastSwiftUpdateCheck = 1120;
				LastUpgradeCheck = 1120;
				ORGANIZATIONNAME = jia;
				TargetAttributes = {
					08C64BEA238272A8001A4D27 = {
						CreatedOnToolsVersion = 11.2;
					};
				};
			};
			buildConfigurationList = 08C64BE6238272A8001A4D27 /* Build configuration list for PBXProject "WebViewTest" */;
			compatibilityVersion = "Xcode 9.3";
			developmentRegion = en;
			hasScannedForEncodings = 0;
			knownRegions = (
				en,
				Base,
			);
			mainGroup = 08C64BE2238272A8001A4D27;
			productRefGroup = 08C64BEC238272A8001A4D27 /* Products */;
			projectDirPath = "";
			projectRoot = "";
			targets = (
				08C64BEA238272A8001A4D27 /* WebViewTest */,
			);
		};
/* End PBXProject section */

/* Begin PBXResourcesBuildPhase section */
		08C64BE9238272A8001A4D27 /* Resources */ = {
			isa = PBXResourcesBuildPhase;
			buildActionMask = 2147483647;
			files = (
				08C64BFB238272AB001A4D27 /* LaunchScreen.storyboard in Resources */,
				08C64BF8238272AB001A4D27 /* Assets.xcassets in Resources */,
				08C64C0723827979001A4D27 /* About.storyboard in Resources */,
				08A509E52384E907006700B0 /* Main.storyboard in Resources */,
			);
			runOnlyForDeploymentPostprocessing = 0;
		};
/* End PBXResourcesBuildPhase section */

/* Begin PBXSourcesBuildPhase section */
		08C64BE7238272A8001A4D27 /* Sources */ = {
			isa = PBXSourcesBuildPhase;
			buildActionMask = 2147483647;
			files = (
				08E36A6A23850943005FEB46 /* FanxianyiViewController.swift in Sources */,
				08C64BF3238272A8001A4D27 /* ViewController.swift in Sources */,
				08C64BEF238272A8001A4D27 /* AppDelegate.swift in Sources */,
				08C64BF1238272A8001A4D27 /* SceneDelegate.swift in Sources */,
				08982F6E2383958B00E3106B /* WebViewController.swift in Sources */,
				08C64C0A23827BC0001A4D27 /* AboutTableViewController.swift in Sources */,
			);
			runOnlyForDeploymentPostprocessing = 0;
		};
/* End PBXSourcesBuildPhase section */

/* Begin PBXVariantGroup section */
		08C64BF9238272AB001A4D27 /* LaunchScreen.storyboard */ = {
			isa = PBXVariantGroup;
			children = (
				08C64BFA238272AB001A4D27 /* Base */,
			);
			name = LaunchScreen.storyboard;
			sourceTree = "<group>";
		};
/* End PBXVariantGroup section */

/* Begin XCBuildConfiguration section */
		08C64BFD238272AB001A4D27 /* Debug */ = {
			isa = XCBuildConfiguration;
			buildSettings = {
				ALWAYS_SEARCH_USER_PATHS = NO;
				CLANG_ANALYZER_NONNULL = YES;
				CLANG_ANALYZER_NUMBER_OBJECT_CONVERSION = YES_AGGRESSIVE;
				CLANG_CXX_LANGUAGE_STANDARD = "gnu++14";
				CLANG_CXX_LIBRARY = "libc++";
				CLANG_ENABLE_MODULES = YES;
				CLANG_ENABLE_OBJC_ARC = YES;
				CLANG_ENABLE_OBJC_WEAK = YES;
				CLANG_WARN_BLOCK_CAPTURE_AUTORELEASING = YES;
				CLANG_WARN_BOOL_CONVERSION = YES;
				CLANG_WARN_COMMA = YES;
				CLANG_WARN_CONSTANT_CONVERSION = YES;
				CLANG_WARN_DEPRECATED_OBJC_IMPLEMENTATIONS = YES;
				CLANG_WARN_DIRECT_OBJC_ISA_USAGE = YES_ERROR;
				CLANG_WARN_DOCUMENTATION_COMMENTS = YES;
				CLANG_WARN_EMPTY_BODY = YES;
				CLANG_WARN_ENUM_CONVERSION = YES;
				CLANG_WARN_INFINITE_RECURSION = YES;
				CLANG_WARN_INT_CONVERSION = YES;
				CLANG_WARN_NON_LITERAL_NULL_CONVERSION = YES;
				CLANG_WARN_OBJC_IMPLICIT_RETAIN_SELF = YES;
				CLANG_WARN_OBJC_LITERAL_CONVERSION = YES;
				CLANG_WARN_OBJC_ROOT_CLASS = YES_ERROR;
				CLANG_WARN_RANGE_LOOP_ANALYSIS = YES;
				CLANG_WARN_STRICT_PROTOTYPES = YES;
				CLANG_WARN_SUSPICIOUS_MOVE = YES;
				CLANG_WARN_UNGUARDED_AVAILABILITY = YES_AGGRESSIVE;
				CLANG_WARN_UNREACHABLE_CODE = YES;
				CLANG_WARN__DUPLICATE_METHOD_MATCH = YES;
				COPY_PHASE_STRIP = NO;
				DEBUG_INFORMATION_FORMAT = dwarf;
				ENABLE_STRICT_OBJC_MSGSEND = YES;
				ENABLE_TESTABILITY = YES;
				GCC_C_LANGUAGE_STANDARD = gnu11;
				GCC_DYNAMIC_NO_PIC = NO;
				GCC_NO_COMMON_BLOCKS = YES;
				GCC_OPTIMIZATION_LEVEL = 0;
				GCC_PREPROCESSOR_DEFINITIONS = (
					"DEBUG=1",
					"$(inherited)",
				);
				GCC_WARN_64_TO_32_BIT_CONVERSION = YES;
				GCC_WARN_ABOUT_RETURN_TYPE = YES_ERROR;
				GCC_WARN_UNDECLARED_SELECTOR = YES;
				GCC_WARN_UNINITIALIZED_AUTOS = YES_AGGRESSIVE;
				GCC_WARN_UNUSED_FUNCTION = YES;
				GCC_WARN_UNUSED_VARIABLE = YES;
				IPHONEOS_DEPLOYMENT_TARGET = 13.2;
				MTL_ENABLE_DEBUG_INFO = INCLUDE_SOURCE;
				MTL_FAST_MATH = YES;
				ONLY_ACTIVE_ARCH = YES;
				SDKROOT = iphoneos;
				SWIFT_ACTIVE_COMPILATION_CONDITIONS = DEBUG;
				SWIFT_OPTIMIZATION_LEVEL = "-Onone";
			};
			name = Debug;
		};
		08C64BFE238272AB001A4D27 /* Release */ = {
			isa = XCBuildConfiguration;
			buildSettings = {
				ALWAYS_SEARCH_USER_PATHS = NO;
				CLANG_ANALYZER_NONNULL = YES;
				CLANG_ANALYZER_NUMBER_OBJECT_CONVERSION = YES_AGGRESSIVE;
				CLANG_CXX_LANGUAGE_STANDARD = "gnu++14";
				CLANG_CXX_LIBRARY = "libc++";
				CLANG_ENABLE_MODULES = YES;
				CLANG_ENABLE_OBJC_ARC = YES;
				CLANG_ENABLE_OBJC_WEAK = YES;
				CLANG_WARN_BLOCK_CAPTURE_AUTORELEASING = YES;
				CLANG_WARN_BOOL_CONVERSION = YES;
				CLANG_WARN_COMMA = YES;
				CLANG_WARN_CONSTANT_CONVERSION = YES;
				CLANG_WARN_DEPRECATED_OBJC_IMPLEMENTATIONS = YES;
				CLANG_WARN_DIRECT_OBJC_ISA_USAGE = YES_ERROR;
				CLANG_WARN_DOCUMENTATION_COMMENTS = YES;
				CLANG_WARN_EMPTY_BODY = YES;
				CLANG_WARN_ENUM_CONVERSION = YES;
				CLANG_WARN_INFINITE_RECURSION = YES;
				CLANG_WARN_INT_CONVERSION = YES;
				CLANG_WARN_NON_LITERAL_NULL_CONVERSION = YES;
				CLANG_WARN_OBJC_IMPLICIT_RETAIN_SELF = YES;
				CLANG_WARN_OBJC_LITERAL_CONVERSION = YES;
				CLANG_WARN_OBJC_ROOT_CLASS = YES_ERROR;
				CLANG_WARN_RANGE_LOOP_ANALYSIS = YES;
				CLANG_WARN_STRICT_PROTOTYPES = YES;
				CLANG_WARN_SUSPICIOUS_MOVE = YES;
				CLANG_WARN_UNGUARDED_AVAILABILITY = YES_AGGRESSIVE;
				CLANG_WARN_UNREACHABLE_CODE = YES;
				CLANG_WARN__DUPLICATE_METHOD_MATCH = YES;
				COPY_PHASE_STRIP = NO;
				DEBUG_INFORMATION_FORMAT = "dwarf-with-dsym";
				ENABLE_NS_ASSERTIONS = NO;
				ENABLE_STRICT_OBJC_MSGSEND = YES;
				GCC_C_LANGUAGE_STANDARD = gnu11;
				GCC_NO_COMMON_BLOCKS = YES;
				GCC_WARN_64_TO_32_BIT_CONVERSION = YES;
				GCC_WARN_ABOUT_RETURN_TYPE = YES_ERROR;
				GCC_WARN_UNDECLARED_SELECTOR = YES;
				GCC_WARN_UNINITIALIZED_AUTOS = YES_AGGRESSIVE;
				GCC_WARN_UNUSED_FUNCTION = YES;
				GCC_WARN_UNUSED_VARIABLE = YES;
				IPHONEOS_DEPLOYMENT_TARGET = 13.2;
				MTL_ENABLE_DEBUG_INFO = NO;
				MTL_FAST_MATH = YES;
				SDKROOT = iphoneos;
				SWIFT_COMPILATION_MODE = wholemodule;
				SWIFT_OPTIMIZATION_LEVEL = "-O";
				VALIDATE_PRODUCT = YES;
			};
			name = Release;
		};
		08C64C00238272AB001A4D27 /* Debug */ = {
			isa = XCBuildConfiguration;
			buildSettings = {
				ASSETCATALOG_COMPILER_APPICON_NAME = AppIcon;
				CODE_SIGN_STYLE = Automatic;
				DEVELOPMENT_TEAM = 5TH5CTV453;
				INFOPLIST_FILE = WebViewTest/Info.plist;
				LD_RUNPATH_SEARCH_PATHS = (
					"$(inherited)",
					"@executable_path/Frameworks",
				);
				PRODUCT_BUNDLE_IDENTIFIER = com.jia.WebViewTest;
				PRODUCT_NAME = "$(TARGET_NAME)";
				SWIFT_VERSION = 5.0;
				TARGETED_DEVICE_FAMILY = "1,2";
			};
			name = Debug;
		};
		08C64C01238272AB001A4D27 /* Release */ = {
			isa = XCBuildConfiguration;
			buildSettings = {
				ASSETCATALOG_COMPILER_APPICON_NAME = AppIcon;
				CODE_SIGN_STYLE = Automatic;
				DEVELOPMENT_TEAM = 5TH5CTV453;
				INFOPLIST_FILE = WebViewTest/Info.plist;
				LD_RUNPATH_SEARCH_PATHS = (
					"$(inherited)",
					"@executable_path/Frameworks",
				);
				PRODUCT_BUNDLE_IDENTIFIER = com.jia.WebViewTest;
				PRODUCT_NAME = "$(TARGET_NAME)";
				SWIFT_VERSION = 5.0;
				TARGETED_DEVICE_FAMILY = "1,2";
			};
			name = Release;
		};
/* End XCBuildConfiguration section */

/* Begin XCConfigurationList section */
		08C64BE6238272A8001A4D27 /* Build configuration list for PBXProject "WebViewTest" */ = {
			isa = XCConfigurationList;
			buildConfigurations = (
				08C64BFD238272AB001A4D27 /* Debug */,
				08C64BFE238272AB001A4D27 /* Release */,
			);
			defaultConfigurationIsVisible = 0;
			defaultConfigurationName = Release;
		};
		08C64BFF238272AB001A4D27 /* Build configuration list for PBXNativeTarget "WebViewTest" */ = {
			isa = XCConfigurationList;
			buildConfigurations = (
				08C64C00238272AB001A4D27 /* Debug */,
				08C64C01238272AB001A4D27 /* Release */,
			);
			defaultConfigurationIsVisible = 0;
			defaultConfigurationName = Release;
		};
/* End XCConfigurationList section */
	};
	rootObject = 08C64BE3238272A8001A4D27 /* Project object */;
}
